{
    "develop": {
        "appdirs": {
            "version": "==1.4.0",
            "hash": "sha256:85e58578db8f29538f3109c11250c2a5514a2fcdc9890d9b2fe777eb55517736"
        },
        "pytest": {
            "version": "==3.0.6",
            "hash": "sha256:da0ab50c7eec0683bc24f1c1137db1f4111752054ecdad63125e7ec71316b813"
        },
        "requests": {
            "version": "==2.13.0",
            "hash": "sha256:1a720e8862a41aa22e339373b526f508ef0c8988baf48b84d3fc891a8e237efb"
        },
        "coverage": {
            "version": "==4.3.4",
            "hash": "sha256:8b282292973a1dc4eccfcc0776e0fde75b5b3de2e35164c2d854f7dd80149e4b"
        },
        "packaging": {
            "version": "==16.8",
            "hash": "sha256:99276dc6e3a7851f32027a68f1095cd3f77c148091b092ea867a351811cfe388"
        },
        "pytest_cov": {
            "version": "==2.4.0",
            "hash": "sha256:10e37e876f49ddec80d6c83a54b657157f1387ebc0f7755285f8c156130014a1"
        },
        "six": {
            "version": "==1.10.0",
            "hash": "sha256:0ff78c403d9bccf5a425a6d31a12aa6b47f1c21ca4dc2573a7e2f32a97335eb1"
        },
        "Babel": {
            "version": "==2.3.4",
            "hash": "sha256:3318ed2960240d61cbc6558858ee00c10eed77a6508c4d1ed8e6f7f48399c975"
        },
        "pyparsing": {
            "version": "==2.1.10",
            "hash": "sha256:67101d7acee692962f33dd30b5dce079ff532dd9aa99ff48d52a3dad51d2fe84"
        },
        "pep8": {
            "version": "==1.7.0",
            "hash": "sha256:4fc2e478addcf17016657dff30b2d8d611e8341fac19ccf2768802f6635d7b8a"
        },
        "pytz": {
            "version": "==2016.10",
            "hash": "sha256:a1ea35e87a63c7825846d5b5c81d23d668e8a102d3b1b465ce95afe1b3a2e065"
        },
        "Jinja2": {
            "version": "==2.9.5",
            "hash": "sha256:a7b7438120dbe76a8e735ef7eba6048eaf4e0b7dbc530e100812f8ec462a4d50"
        },
        "imagesize": {
            "version": "==0.7.1",
            "hash": "sha256:6ebdc9e0ad188f9d1b2cdd9bc59cbe42bf931875e829e7a595e6b3abdc05cdfb"
        },
        "cookies": {
            "version": "==2.2.1",
            "hash": "sha256:15bee753002dff684987b8df8c235288eb8d45f8191ae056254812dfd42c81d3"
        },
        "alabaster": {
            "version": "==0.7.9",
            "hash": "sha256:d3e64a74919373d6d4d1d36bd717206584cb64cbb0532dfce3bc2081cba6817b"
        },
        "Sphinx": {
            "version": "==1.5.2",
            "hash": "sha256:57c8636e1d23f6c01fb19911a8f255f1b4934ba69feb55bd4dd0f097ebb04f05"
        },
        "Pygments": {
            "version": "==2.2.0",
            "hash": "sha256:78f3f434bcc5d6ee09020f92ba487f95ba50f1e3ef83ae96b9d5ffa1bab25c5d"
        },
        "snowballstemmer": {
            "version": "==1.2.1",
            "hash": "sha256:9f3bcd3c401c3e862ec0ebe6d2c069ebc012ce142cce209c098ccb5b09136e89"
        },
        "docutils": {
            "version": "==0.13.1",
            "hash": "sha256:cb3ebcb09242804f84bdbf0b26504077a054da6772c6f4d625f335cc53ebf94d"
        },
        "MarkupSafe": {
            "version": "==0.23",
            "hash": "sha256:a4ec1aff59b95a14b45eb2e23761a0179e98319da5a7eb76b56ea8cdc7b871c3"
        },
        "setuptools": {
            "version": "==34.1.0",
            "hash": "sha256:edd9d39782fe38b9c533002b2e6fdf06498793cbd29266accdcc519431d4b7ba"
        },
        "responses": {
            "version": "==0.5.1",
            "hash": "sha256:3a907f7aae2fd2286d06cfdf238957786c38bbcadc451adceecc769a4ef882b7"
        },
        "py": {
            "version": "==1.4.32",
            "hash": "sha256:2d4bba2e25fff58140e6bdce1e485e89bb59776adbe01d490baa6b1f37a3dd6b"
        }
    },
    "_meta": {
        "sources": [
            {
                "url": "https://pypi.python.org/simple",
                "verify_ssl": true
            }
        ],
        "Pipfile-sha256": "6d1f475e231bf0bfa2905fd78d9c4b51bc17a7770c01ef7c31cdec3d27b39427",
        "requires": {}
    },
    "default": {
        "requests": {
            "version": "==2.13.0",
            "hash": "sha256:1a720e8862a41aa22e339373b526f508ef0c8988baf48b84d3fc891a8e237efb"
        },
        "click": {
            "version": "==6.7",
            "hash": "sha256:29f99fc6125fbc931b758dc053b3114e55c77a6e4c6c3a2674a2dc986016381d"
        },
        "uwsgi": {
            "version": "==2.0.14",
            "hash": "sha256:21b3d1ef926d835ff23576193a2c60d4c896d8e21567850cf0677a4764122887"
        },
        "Flask": {
            "version": "==0.12",
            "hash": "sha256:7f03bb2c255452444f7265eddb51601806e5447b6f8a2d50bbc77a654a14c118"
        },
        "MarkupSafe": {
            "version": "==0.23",
            "hash": "sha256:a4ec1aff59b95a14b45eb2e23761a0179e98319da5a7eb76b56ea8cdc7b871c3"
        },
        "itsdangerous": {
            "version": "==0.24",
            "hash": "sha256:cbb3fcf8d3e33df861709ecaf89d9e6629cff0a217bc2848f1b41cd30d360519"
        },
        "Werkzeug": {
            "version": "==0.11.15",
            "hash": "sha256:c6f6f89124df0514d886782c658c3e12f2caaa94da34cee3fd82eebf4ebf052b"
        },
        "PyJWT": {
            "version": "==1.4.2",
            "hash": "sha256:99fe612dbe5f41e07124d9002c118c14f3ee703574ffa9779fee78135b8b94b6"
        },
        "Jinja2": {
            "version": "==2.9.5",
            "hash": "sha256:a7b7438120dbe76a8e735ef7eba6048eaf4e0b7dbc530e100812f8ec462a4d50"
        }
    }
}